// !$*UTF8*$!
{
	archiveVersion = 1;
	classes = {
	};
	objectVersion = 46;
	objects = {

/* Begin PBXBuildFile section */
		1C5519A717559E85009FFCA3 /* NSString+Xiami.m in Sources */ = {isa = PBXBuildFile; fileRef = 1C5519A617559E85009FFCA3 /* NSString+Xiami.m */; };
		1C5519AB1755D442009FFCA3 /* CHCSVParser.m in Sources */ = {isa = PBXBuildFile; fileRef = 1C5519AA1755D442009FFCA3 /* CHCSVParser.m */; };
		1CABD1D417265F5D0075AF2F /* CIXiamiRequestMaker.m in Sources */ = {isa = PBXBuildFile; fileRef = 1CABD1D317265F5D0075AF2F /* CIXiamiRequestMaker.m */; };
		1CABD1E21726832A0075AF2F /* CIAccountManager.m in Sources */ = {isa = PBXBuildFile; fileRef = 1CABD1E11726832A0075AF2F /* CIAccountManager.m */; };
		1CABD1E8172684170075AF2F /* ISKeychainAccessor.m in Sources */ = {isa = PBXBuildFile; fileRef = 1CABD1E5172684170075AF2F /* ISKeychainAccessor.m */; settings = {COMPILER_FLAGS = "-fno-objc-arc"; }; };
		1CABD1E9172684170075AF2F /* ISKeychainAccessor+Array.m in Sources */ = {isa = PBXBuildFile; fileRef = 1CABD1E7172684170075AF2F /* ISKeychainAccessor+Array.m */; settings = {COMPILER_FLAGS = "-fno-objc-arc"; }; };
		1CABD1EF172686B10075AF2F /* Security.framework in Frameworks */ = {isa = PBXBuildFile; fileRef = 1CABD1EE172686B10075AF2F /* Security.framework */; };
		5F0FC8D9173FE644000CDB67 /* NSArray+AFNetwork.m in Sources */ = {isa = PBXBuildFile; fileRef = 5F0FC8D8173FE643000CDB67 /* NSArray+AFNetwork.m */; };
		5F474211173E6D15003BD40A /* AFHTTPClient.m in Sources */ = {isa = PBXBuildFile; fileRef = 5F4741FF173E6D15003BD40A /* AFHTTPClient.m */; };
		5F474212173E6D15003BD40A /* AFHTTPRequestOperation.m in Sources */ = {isa = PBXBuildFile; fileRef = 5F474201173E6D15003BD40A /* AFHTTPRequestOperation.m */; };
		5F474213173E6D15003BD40A /* AFImageRequestOperation.m in Sources */ = {isa = PBXBuildFile; fileRef = 5F474203173E6D15003BD40A /* AFImageRequestOperation.m */; };
		5F474214173E6D15003BD40A /* AFJSONRequestOperation.m in Sources */ = {isa = PBXBuildFile; fileRef = 5F474205173E6D15003BD40A /* AFJSONRequestOperation.m */; };
		5F474215173E6D15003BD40A /* AFNetworkActivityIndicatorManager.m in Sources */ = {isa = PBXBuildFile; fileRef = 5F474207173E6D15003BD40A /* AFNetworkActivityIndicatorManager.m */; };
		5F474216173E6D15003BD40A /* AFPropertyListRequestOperation.m in Sources */ = {isa = PBXBuildFile; fileRef = 5F47420A173E6D15003BD40A /* AFPropertyListRequestOperation.m */; };
		5F474217173E6D15003BD40A /* AFURLConnectionOperation.m in Sources */ = {isa = PBXBuildFile; fileRef = 5F47420C173E6D15003BD40A /* AFURLConnectionOperation.m */; };
		5F474218173E6D15003BD40A /* AFXMLRequestOperation.m in Sources */ = {isa = PBXBuildFile; fileRef = 5F47420E173E6D15003BD40A /* AFXMLRequestOperation.m */; };
		5F474219173E6D15003BD40A /* UIImageView+AFNetworking.m in Sources */ = {isa = PBXBuildFile; fileRef = 5F474210173E6D15003BD40A /* UIImageView+AFNetworking.m */; };
		5F47421B173E6D50003BD40A /* SystemConfiguration.framework in Frameworks */ = {isa = PBXBuildFile; fileRef = 5F47421A173E6D50003BD40A /* SystemConfiguration.framework */; };
		5F47421E173E6D9A003BD40A /* CIRequestMaker.m in Sources */ = {isa = PBXBuildFile; fileRef = 5F47421D173E6D83003BD40A /* CIRequestMaker.m */; };
		5FB32D1717258D4100F542E6 /* Cocoa.framework in Frameworks */ = {isa = PBXBuildFile; fileRef = 5FB32D1617258D4100F542E6 /* Cocoa.framework */; };
		5FB32D2117258D4100F542E6 /* InfoPlist.strings in Resources */ = {isa = PBXBuildFile; fileRef = 5FB32D1F17258D4100F542E6 /* InfoPlist.strings */; };
		5FB32D2317258D4100F542E6 /* main.m in Sources */ = {isa = PBXBuildFile; fileRef = 5FB32D2217258D4100F542E6 /* main.m */; };
		5FB32D2717258D4100F542E6 /* Credits.rtf in Resources */ = {isa = PBXBuildFile; fileRef = 5FB32D2517258D4100F542E6 /* Credits.rtf */; };
		5FB32D2A17258D4100F542E6 /* CIAppDelegate.m in Sources */ = {isa = PBXBuildFile; fileRef = 5FB32D2917258D4100F542E6 /* CIAppDelegate.m */; };
		5FB32D2D17258D4100F542E6 /* MainMenu.xib in Resources */ = {isa = PBXBuildFile; fileRef = 5FB32D2B17258D4100F542E6 /* MainMenu.xib */; };
/* End PBXBuildFile section */

/* Begin PBXFileReference section */
		1C5519A517559E85009FFCA3 /* NSString+Xiami.h */ = {isa = PBXFileReference; fileEncoding = 4; lastKnownFileType = sourcecode.c.h; path = "NSString+Xiami.h"; sourceTree = "<group>"; };
		1C5519A617559E85009FFCA3 /* NSString+Xiami.m */ = {isa = PBXFileReference; fileEncoding = 4; lastKnownFileType = sourcecode.c.objc; path = "NSString+Xiami.m"; sourceTree = "<group>"; };
		1C5519A91755D442009FFCA3 /* CHCSVParser.h */ = {isa = PBXFileReference; fileEncoding = 4; lastKnownFileType = sourcecode.c.h; path = CHCSVParser.h; sourceTree = "<group>"; };
		1C5519AA1755D442009FFCA3 /* CHCSVParser.m */ = {isa = PBXFileReference; fileEncoding = 4; lastKnownFileType = sourcecode.c.objc; path = CHCSVParser.m; sourceTree = "<group>"; };
		1CABD1D217265F5D0075AF2F /* CIXiamiRequestMaker.h */ = {isa = PBXFileReference; fileEncoding = 4; lastKnownFileType = sourcecode.c.h; path = CIXiamiRequestMaker.h; sourceTree = "<group>"; };
		1CABD1D317265F5D0075AF2F /* CIXiamiRequestMaker.m */ = {isa = PBXFileReference; fileEncoding = 4; lastKnownFileType = sourcecode.c.objc; path = CIXiamiRequestMaker.m; sourceTree = "<group>"; };
		1CABD1E01726832A0075AF2F /* CIAccountManager.h */ = {isa = PBXFileReference; fileEncoding = 4; lastKnownFileType = sourcecode.c.h; path = CIAccountManager.h; sourceTree = "<group>"; };
		1CABD1E11726832A0075AF2F /* CIAccountManager.m */ = {isa = PBXFileReference; fileEncoding = 4; lastKnownFileType = sourcecode.c.objc; path = CIAccountManager.m; sourceTree = "<group>"; };
		1CABD1E4172684170075AF2F /* ISKeychainAccessor.h */ = {isa = PBXFileReference; fileEncoding = 4; lastKnownFileType = sourcecode.c.h; path = ISKeychainAccessor.h; sourceTree = "<group>"; };
		1CABD1E5172684170075AF2F /* ISKeychainAccessor.m */ = {isa = PBXFileReference; fileEncoding = 4; lastKnownFileType = sourcecode.c.objc; path = ISKeychainAccessor.m; sourceTree = "<group>"; };
		1CABD1E6172684170075AF2F /* ISKeychainAccessor+Array.h */ = {isa = PBXFileReference; fileEncoding = 4; lastKnownFileType = sourcecode.c.h; path = "ISKeychainAccessor+Array.h"; sourceTree = "<group>"; };
		1CABD1E7172684170075AF2F /* ISKeychainAccessor+Array.m */ = {isa = PBXFileReference; fileEncoding = 4; lastKnownFileType = sourcecode.c.objc; path = "ISKeychainAccessor+Array.m"; sourceTree = "<group>"; };
		1CABD1EE172686B10075AF2F /* Security.framework */ = {isa = PBXFileReference; lastKnownFileType = wrapper.framework; name = Security.framework; path = System/Library/Frameworks/Security.framework; sourceTree = SDKROOT; };
		5F0FC8D7173FE643000CDB67 /* NSArray+AFNetwork.h */ = {isa = PBXFileReference; fileEncoding = 4; lastKnownFileType = sourcecode.c.h; path = "NSArray+AFNetwork.h"; sourceTree = "<group>"; };
		5F0FC8D8173FE643000CDB67 /* NSArray+AFNetwork.m */ = {isa = PBXFileReference; fileEncoding = 4; lastKnownFileType = sourcecode.c.objc; path = "NSArray+AFNetwork.m"; sourceTree = "<group>"; };
		5F4741FE173E6D15003BD40A /* AFHTTPClient.h */ = {isa = PBXFileReference; fileEncoding = 4; lastKnownFileType = sourcecode.c.h; path = AFHTTPClient.h; sourceTree = "<group>"; };
		5F4741FF173E6D15003BD40A /* AFHTTPClient.m */ = {isa = PBXFileReference; fileEncoding = 4; lastKnownFileType = sourcecode.c.objc; path = AFHTTPClient.m; sourceTree = "<group>"; };
		5F474200173E6D15003BD40A /* AFHTTPRequestOperation.h */ = {isa = PBXFileReference; fileEncoding = 4; lastKnownFileType = sourcecode.c.h; path = AFHTTPRequestOperation.h; sourceTree = "<group>"; };
		5F474201173E6D15003BD40A /* AFHTTPRequestOperation.m */ = {isa = PBXFileReference; fileEncoding = 4; lastKnownFileType = sourcecode.c.objc; path = AFHTTPRequestOperation.m; sourceTree = "<group>"; };
		5F474202173E6D15003BD40A /* AFImageRequestOperation.h */ = {isa = PBXFileReference; fileEncoding = 4; lastKnownFileType = sourcecode.c.h; path = AFImageRequestOperation.h; sourceTree = "<group>"; };
		5F474203173E6D15003BD40A /* AFImageRequestOperation.m */ = {isa = PBXFileReference; fileEncoding = 4; lastKnownFileType = sourcecode.c.objc; path = AFImageRequestOperation.m; sourceTree = "<group>"; };
		5F474204173E6D15003BD40A /* AFJSONRequestOperation.h */ = {isa = PBXFileReference; fileEncoding = 4; lastKnownFileType = sourcecode.c.h; path = AFJSONRequestOperation.h; sourceTree = "<group>"; };
		5F474205173E6D15003BD40A /* AFJSONRequestOperation.m */ = {isa = PBXFileReference; fileEncoding = 4; lastKnownFileType = sourcecode.c.objc; path = AFJSONRequestOperation.m; sourceTree = "<group>"; };
		5F474206173E6D15003BD40A /* AFNetworkActivityIndicatorManager.h */ = {isa = PBXFileReference; fileEncoding = 4; lastKnownFileType = sourcecode.c.h; path = AFNetworkActivityIndicatorManager.h; sourceTree = "<group>"; };
		5F474207173E6D15003BD40A /* AFNetworkActivityIndicatorManager.m */ = {isa = PBXFileReference; fileEncoding = 4; lastKnownFileType = sourcecode.c.objc; path = AFNetworkActivityIndicatorManager.m; sourceTree = "<group>"; };
		5F474208173E6D15003BD40A /* AFNetworking.h */ = {isa = PBXFileReference; fileEncoding = 4; lastKnownFileType = sourcecode.c.h; path = AFNetworking.h; sourceTree = "<group>"; };
		5F474209173E6D15003BD40A /* AFPropertyListRequestOperation.h */ = {isa = PBXFileReference; fileEncoding = 4; lastKnownFileType = sourcecode.c.h; path = AFPropertyListRequestOperation.h; sourceTree = "<group>"; };
		5F47420A173E6D15003BD40A /* AFPropertyListRequestOperation.m */ = {isa = PBXFileReference; fileEncoding = 4; lastKnownFileType = sourcecode.c.objc; path = AFPropertyListRequestOperation.m; sourceTree = "<group>"; };
		5F47420B173E6D15003BD40A /* AFURLConnectionOperation.h */ = {isa = PBXFileReference; fileEncoding = 4; lastKnownFileType = sourcecode.c.h; path = AFURLConnectionOperation.h; sourceTree = "<group>"; };
		5F47420C173E6D15003BD40A /* AFURLConnectionOperation.m */ = {isa = PBXFileReference; fileEncoding = 4; lastKnownFileType = sourcecode.c.objc; path = AFURLConnectionOperation.m; sourceTree = "<group>"; };
		5F47420D173E6D15003BD40A /* AFXMLRequestOperation.h */ = {isa = PBXFileReference; fileEncoding = 4; lastKnownFileType = sourcecode.c.h; path = AFXMLRequestOperation.h; sourceTree = "<group>"; };
		5F47420E173E6D15003BD40A /* AFXMLRequestOperation.m */ = {isa = PBXFileReference; fileEncoding = 4; lastKnownFileType = sourcecode.c.objc; path = AFXMLRequestOperation.m; sourceTree = "<group>"; };
		5F47420F173E6D15003BD40A /* UIImageView+AFNetworking.h */ = {isa = PBXFileReference; fileEncoding = 4; lastKnownFileType = sourcecode.c.h; path = "UIImageView+AFNetworking.h"; sourceTree = "<group>"; };
		5F474210173E6D15003BD40A /* UIImageView+AFNetworking.m */ = {isa = PBXFileReference; fileEncoding = 4; lastKnownFileType = sourcecode.c.objc; path = "UIImageView+AFNetworking.m"; sourceTree = "<group>"; };
		5F47421A173E6D50003BD40A /* SystemConfiguration.framework */ = {isa = PBXFileReference; lastKnownFileType = wrapper.framework; name = SystemConfiguration.framework; path = System/Library/Frameworks/SystemConfiguration.framework; sourceTree = SDKROOT; };
		5F47421C173E6D83003BD40A /* CIRequestMaker.h */ = {isa = PBXFileReference; lastKnownFileType = sourcecode.c.h; path = CIRequestMaker.h; sourceTree = "<group>"; };
		5F47421D173E6D83003BD40A /* CIRequestMaker.m */ = {isa = PBXFileReference; lastKnownFileType = sourcecode.c.objc; path = CIRequestMaker.m; sourceTree = "<group>"; };
		5FB32D1317258D4000F542E6 /* CheckIn.app */ = {isa = PBXFileReference; explicitFileType = wrapper.application; includeInIndex = 0; path = CheckIn.app; sourceTree = BUILT_PRODUCTS_DIR; };
		5FB32D1617258D4100F542E6 /* Cocoa.framework */ = {isa = PBXFileReference; lastKnownFileType = wrapper.framework; name = Cocoa.framework; path = System/Library/Frameworks/Cocoa.framework; sourceTree = SDKROOT; };
		5FB32D1917258D4100F542E6 /* AppKit.framework */ = {isa = PBXFileReference; lastKnownFileType = wrapper.framework; name = AppKit.framework; path = System/Library/Frameworks/AppKit.framework; sourceTree = SDKROOT; };
		5FB32D1A17258D4100F542E6 /* CoreData.framework */ = {isa = PBXFileReference; lastKnownFileType = wrapper.framework; name = CoreData.framework; path = System/Library/Frameworks/CoreData.framework; sourceTree = SDKROOT; };
		5FB32D1B17258D4100F542E6 /* Foundation.framework */ = {isa = PBXFileReference; lastKnownFileType = wrapper.framework; name = Foundation.framework; path = System/Library/Frameworks/Foundation.framework; sourceTree = SDKROOT; };
		5FB32D1E17258D4100F542E6 /* CheckIn-Info.plist */ = {isa = PBXFileReference; lastKnownFileType = text.plist.xml; path = "CheckIn-Info.plist"; sourceTree = "<group>"; };
		5FB32D2017258D4100F542E6 /* en */ = {isa = PBXFileReference; lastKnownFileType = text.plist.strings; name = en; path = en.lproj/InfoPlist.strings; sourceTree = "<group>"; };
		5FB32D2217258D4100F542E6 /* main.m */ = {isa = PBXFileReference; lastKnownFileType = sourcecode.c.objc; path = main.m; sourceTree = "<group>"; };
		5FB32D2417258D4100F542E6 /* CheckIn-Prefix.pch */ = {isa = PBXFileReference; lastKnownFileType = sourcecode.c.h; path = "CheckIn-Prefix.pch"; sourceTree = "<group>"; };
		5FB32D2617258D4100F542E6 /* en */ = {isa = PBXFileReference; lastKnownFileType = text.rtf; name = en; path = en.lproj/Credits.rtf; sourceTree = "<group>"; };
		5FB32D2817258D4100F542E6 /* CIAppDelegate.h */ = {isa = PBXFileReference; lastKnownFileType = sourcecode.c.h; path = CIAppDelegate.h; sourceTree = "<group>"; };
		5FB32D2917258D4100F542E6 /* CIAppDelegate.m */ = {isa = PBXFileReference; lastKnownFileType = sourcecode.c.objc; path = CIAppDelegate.m; sourceTree = "<group>"; };
		5FB32D2C17258D4100F542E6 /* en */ = {isa = PBXFileReference; lastKnownFileType = file.xib; name = en; path = en.lproj/MainMenu.xib; sourceTree = "<group>"; };
/* End PBXFileReference section */

/* Begin PBXFrameworksBuildPhase section */
		5FB32D1017258D4000F542E6 /* Frameworks */ = {
			isa = PBXFrameworksBuildPhase;
			buildActionMask = 2147483647;
			files = (
				5F47421B173E6D50003BD40A /* SystemConfiguration.framework in Frameworks */,
				1CABD1EF172686B10075AF2F /* Security.framework in Frameworks */,
				5FB32D1717258D4100F542E6 /* Cocoa.framework in Frameworks */,
			);
			runOnlyForDeploymentPostprocessing = 0;
		};
/* End PBXFrameworksBuildPhase section */

/* Begin PBXGroup section */
		1C5519A81755D435009FFCA3 /* CHCSVParser */ = {
			isa = PBXGroup;
			children = (
				1C5519A91755D442009FFCA3 /* CHCSVParser.h */,
				1C5519AA1755D442009FFCA3 /* CHCSVParser.m */,
			);
			name = CHCSVParser;
			sourceTree = "<group>";
		};
		1CABD1CA17262E3C0075AF2F /* Xiami */ = {
			isa = PBXGroup;
			children = (
				1CABD1D217265F5D0075AF2F /* CIXiamiRequestMaker.h */,
				1CABD1D317265F5D0075AF2F /* CIXiamiRequestMaker.m */,
				5F0FC8D7173FE643000CDB67 /* NSArray+AFNetwork.h */,
				5F0FC8D8173FE643000CDB67 /* NSArray+AFNetwork.m */,
				1C5519A517559E85009FFCA3 /* NSString+Xiami.h */,
				1C5519A617559E85009FFCA3 /* NSString+Xiami.m */,
			);
			name = Xiami;
			sourceTree = "<group>";
		};
		1CABD1CB17262E500075AF2F /* Base */ = {
			isa = PBXGroup;
			children = (
				5F47421C173E6D83003BD40A /* CIRequestMaker.h */,
				5F47421D173E6D83003BD40A /* CIRequestMaker.m */,
			);
			name = Base;
			sourceTree = "<group>";
		};
		1CABD1E3172683FB0075AF2F /* Keychain */ = {
			isa = PBXGroup;
			children = (
				1CABD1E4172684170075AF2F /* ISKeychainAccessor.h */,
				1CABD1E5172684170075AF2F /* ISKeychainAccessor.m */,
				1CABD1E6172684170075AF2F /* ISKeychainAccessor+Array.h */,
				1CABD1E7172684170075AF2F /* ISKeychainAccessor+Array.m */,
			);
			name = Keychain;
			sourceTree = "<group>";
		};
		5F4741FD173E6D15003BD40A /* AFNetworking */ = {
			isa = PBXGroup;
			children = (
				5F4741FE173E6D15003BD40A /* AFHTTPClient.h */,
				5F4741FF173E6D15003BD40A /* AFHTTPClient.m */,
				5F474200173E6D15003BD40A /* AFHTTPRequestOperation.h */,
				5F474201173E6D15003BD40A /* AFHTTPRequestOperation.m */,
				5F474202173E6D15003BD40A /* AFImageRequestOperation.h */,
				5F474203173E6D15003BD40A /* AFImageRequestOperation.m */,
				5F474204173E6D15003BD40A /* AFJSONRequestOperation.h */,
				5F474205173E6D15003BD40A /* AFJSONRequestOperation.m */,
				5F474206173E6D15003BD40A /* AFNetworkActivityIndicatorManager.h */,
				5F474207173E6D15003BD40A /* AFNetworkActivityIndicatorManager.m */,
				5F474208173E6D15003BD40A /* AFNetworking.h */,
				5F474209173E6D15003BD40A /* AFPropertyListRequestOperation.h */,
				5F47420A173E6D15003BD40A /* AFPropertyListRequestOperation.m */,
				5F47420B173E6D15003BD40A /* AFURLConnectionOperation.h */,
				5F47420C173E6D15003BD40A /* AFURLConnectionOperation.m */,
				5F47420D173E6D15003BD40A /* AFXMLRequestOperation.h */,
				5F47420E173E6D15003BD40A /* AFXMLRequestOperation.m */,
				5F47420F173E6D15003BD40A /* UIImageView+AFNetworking.h */,
				5F474210173E6D15003BD40A /* UIImageView+AFNetworking.m */,
			);
			path = AFNetworking;
			sourceTree = "<group>";
		};
		5FB32D0A17258D4000F542E6 = {
			isa = PBXGroup;
			children = (
				5FB32D1C17258D4100F542E6 /* CheckIn */,
				5FB32D1517258D4000F542E6 /* Frameworks */,
				5FB32D1417258D4000F542E6 /* Products */,
			);
			sourceTree = "<group>";
		};
		5FB32D1417258D4000F542E6 /* Products */ = {
			isa = PBXGroup;
			children = (
				5FB32D1317258D4000F542E6 /* CheckIn.app */,
			);
			name = Products;
			sourceTree = "<group>";
		};
		5FB32D1517258D4000F542E6 /* Frameworks */ = {
			isa = PBXGroup;
			children = (
				5F47421A173E6D50003BD40A /* SystemConfiguration.framework */,
				1CABD1EE172686B10075AF2F /* Security.framework */,
				5FB32D1617258D4100F542E6 /* Cocoa.framework */,
				5FB32D1817258D4100F542E6 /* Other Frameworks */,
			);
			name = Frameworks;
			sourceTree = "<group>";
		};
		5FB32D1817258D4100F542E6 /* Other Frameworks */ = {
			isa = PBXGroup;
			children = (
				5FB32D1917258D4100F542E6 /* AppKit.framework */,
				5FB32D1A17258D4100F542E6 /* CoreData.framework */,
				5FB32D1B17258D4100F542E6 /* Foundation.framework */,
			);
			name = "Other Frameworks";
			sourceTree = "<group>";
		};
		5FB32D1C17258D4100F542E6 /* CheckIn */ = {
			isa = PBXGroup;
			children = (
				1C5519A81755D435009FFCA3 /* CHCSVParser */,
				5F4741FD173E6D15003BD40A /* AFNetworking */,
				1CABD1E3172683FB0075AF2F /* Keychain */,
				1CABD1E01726832A0075AF2F /* CIAccountManager.h */,
				1CABD1E11726832A0075AF2F /* CIAccountManager.m */,
				1CABD1CB17262E500075AF2F /* Base */,
				1CABD1CA17262E3C0075AF2F /* Xiami */,
				5FB32D2817258D4100F542E6 /* CIAppDelegate.h */,
				5FB32D2917258D4100F542E6 /* CIAppDelegate.m */,
				5FB32D2B17258D4100F542E6 /* MainMenu.xib */,
				5FB32D1D17258D4100F542E6 /* Supporting Files */,
			);
			path = CheckIn;
			sourceTree = "<group>";
		};
		5FB32D1D17258D4100F542E6 /* Supporting Files */ = {
			isa = PBXGroup;
			children = (
				5FB32D1E17258D4100F542E6 /* CheckIn-Info.plist */,
				5FB32D1F17258D4100F542E6 /* InfoPlist.strings */,
				5FB32D2217258D4100F542E6 /* main.m */,
				5FB32D2417258D4100F542E6 /* CheckIn-Prefix.pch */,
				5FB32D2517258D4100F542E6 /* Credits.rtf */,
			);
			name = "Supporting Files";
			sourceTree = "<group>";
		};
/* End PBXGroup section */

/* Begin PBXNativeTarget section */
		5FB32D1217258D4000F542E6 /* CheckIn */ = {
			isa = PBXNativeTarget;
			buildConfigurationList = 5FB32D3017258D4100F542E6 /* Build configuration list for PBXNativeTarget "CheckIn" */;
			buildPhases = (
				5FB32D0F17258D4000F542E6 /* Sources */,
				5FB32D1017258D4000F542E6 /* Frameworks */,
				5FB32D1117258D4000F542E6 /* Resources */,
			);
			buildRules = (
			);
			dependencies = (
			);
			name = CheckIn;
			productName = CheckIn;
			productReference = 5FB32D1317258D4000F542E6 /* CheckIn.app */;
			productType = "com.apple.product-type.application";
		};
/* End PBXNativeTarget section */

/* Begin PBXProject section */
		5FB32D0B17258D4000F542E6 /* Project object */ = {
			isa = PBXProject;
			attributes = {
				CLASSPREFIX = CI;
				LastUpgradeCheck = 0460;
				ORGANIZATIONNAME = Erick;
			};
			buildConfigurationList = 5FB32D0E17258D4000F542E6 /* Build configuration list for PBXProject "CheckIn" */;
			compatibilityVersion = "Xcode 3.2";
			developmentRegion = English;
			hasScannedForEncodings = 0;
			knownRegions = (
				en,
			);
			mainGroup = 5FB32D0A17258D4000F542E6;
			productRefGroup = 5FB32D1417258D4000F542E6 /* Products */;
			projectDirPath = "";
			projectRoot = "";
			targets = (
				5FB32D1217258D4000F542E6 /* CheckIn */,
			);
		};
/* End PBXProject section */

/* Begin PBXResourcesBuildPhase section */
		5FB32D1117258D4000F542E6 /* Resources */ = {
			isa = PBXResourcesBuildPhase;
			buildActionMask = 2147483647;
			files = (
				5FB32D2117258D4100F542E6 /* InfoPlist.strings in Resources */,
				5FB32D2717258D4100F542E6 /* Credits.rtf in Resources */,
				5FB32D2D17258D4100F542E6 /* MainMenu.xib in Resources */,
			);
			runOnlyForDeploymentPostprocessing = 0;
		};
/* End PBXResourcesBuildPhase section */

/* Begin PBXSourcesBuildPhase section */
		5FB32D0F17258D4000F542E6 /* Sources */ = {
			isa = PBXSourcesBuildPhase;
			buildActionMask = 2147483647;
			files = (
				5FB32D2317258D4100F542E6 /* main.m in Sources */,
				5FB32D2A17258D4100F542E6 /* CIAppDelegate.m in Sources */,
				1CABD1D417265F5D0075AF2F /* CIXiamiRequestMaker.m in Sources */,
				1CABD1E21726832A0075AF2F /* CIAccountManager.m in Sources */,
				1CABD1E8172684170075AF2F /* ISKeychainAccessor.m in Sources */,
				1CABD1E9172684170075AF2F /* ISKeychainAccessor+Array.m in Sources */,
				5F474211173E6D15003BD40A /* AFHTTPClient.m in Sources */,
				5F474212173E6D15003BD40A /* AFHTTPRequestOperation.m in Sources */,
				5F474213173E6D15003BD40A /* AFImageRequestOperation.m in Sources */,
				5F474214173E6D15003BD40A /* AFJSONRequestOperation.m in Sources */,
				5F474215173E6D15003BD40A /* AFNetworkActivityIndicatorManager.m in Sources */,
				5F474216173E6D15003BD40A /* AFPropertyListRequestOperation.m in Sources */,
				5F474217173E6D15003BD40A /* AFURLConnectionOperation.m in Sources */,
				5F474218173E6D15003BD40A /* AFXMLRequestOperation.m in Sources */,
				5F474219173E6D15003BD40A /* UIImageView+AFNetworking.m in Sources */,
				5F47421E173E6D9A003BD40A /* CIRequestMaker.m in Sources */,
				5F0FC8D9173FE644000CDB67 /* NSArray+AFNetwork.m in Sources */,
				1C5519A717559E85009FFCA3 /* NSString+Xiami.m in Sources */,
				1C5519AB1755D442009FFCA3 /* CHCSVParser.m in Sources */,
			);
			runOnlyForDeploymentPostprocessing = 0;
		};
/* End PBXSourcesBuildPhase section */

/* Begin PBXVariantGroup section */
		5FB32D1F17258D4100F542E6 /* InfoPlist.strings */ = {
			isa = PBXVariantGroup;
			children = (
				5FB32D2017258D4100F542E6 /* en */,
			);
			name = InfoPlist.strings;
			sourceTree = "<group>";
		};
		5FB32D2517258D4100F542E6 /* Credits.rtf */ = {
			isa = PBXVariantGroup;
			children = (
				5FB32D2617258D4100F542E6 /* en */,
			);
			name = Credits.rtf;
			sourceTree = "<group>";
		};
		5FB32D2B17258D4100F542E6 /* MainMenu.xib */ = {
			isa = PBXVariantGroup;
			children = (
				5FB32D2C17258D4100F542E6 /* en */,
			);
			name = MainMenu.xib;
			sourceTree = "<group>";
		};
/* End PBXVariantGroup section */

/* Begin XCBuildConfiguration section */
		5FB32D2E17258D4100F542E6 /* Debug */ = {
			isa = XCBuildConfiguration;
			buildSettings = {
				ALWAYS_SEARCH_USER_PATHS = NO;
				ARCHS = "$(ARCHS_STANDARD_64_BIT)";
				CLANG_CXX_LANGUAGE_STANDARD = "gnu++0x";
				CLANG_CXX_LIBRARY = "libc++";
				CLANG_ENABLE_OBJC_ARC = YES;
				CLANG_WARN_CONSTANT_CONVERSION = YES;
				CLANG_WARN_EMPTY_BODY = YES;
				CLANG_WARN_ENUM_CONVERSION = YES;
				CLANG_WARN_INT_CONVERSION = YES;
				CLANG_WARN__DUPLICATE_METHOD_MATCH = YES;
				COPY_PHASE_STRIP = NO;
				GCC_C_LANGUAGE_STANDARD = gnu99;
				GCC_DYNAMIC_NO_PIC = NO;
				GCC_ENABLE_OBJC_EXCEPTIONS = YES;
				GCC_OPTIMIZATION_LEVEL = 0;
				GCC_PREPROCESSOR_DEFINITIONS = (
					"DEBUG=1",
					"$(inherited)",
				);
				GCC_SYMBOLS_PRIVATE_EXTERN = NO;
				GCC_WARN_64_TO_32_BIT_CONVERSION = YES;
				GCC_WARN_ABOUT_RETURN_TYPE = YES;
				GCC_WARN_UNINITIALIZED_AUTOS = YES;
				GCC_WARN_UNUSED_VARIABLE = YES;
				MACOSX_DEPLOYMENT_TARGET = 10.8;
				ONLY_ACTIVE_ARCH = YES;
				SDKROOT = macosx;
			};
			name = Debug;
		};
		5FB32D2F17258D4100F542E6 /* Release */ = {
			isa = XCBuildConfiguration;
			buildSettings = {
				ALWAYS_SEARCH_USER_PATHS = NO;
				ARCHS = "$(ARCHS_STANDARD_64_BIT)";
				CLANG_CXX_LANGUAGE_STANDARD = "gnu++0x";
				CLANG_CXX_LIBRARY = "libc++";
				CLANG_ENABLE_OBJC_ARC = YES;
				CLANG_WARN_CONSTANT_CONVERSION = YES;
				CLANG_WARN_EMPTY_BODY = YES;
				CLANG_WARN_ENUM_CONVERSION = YES;
				CLANG_WARN_INT_CONVERSION = YES;
				CLANG_WARN__DUPLICATE_METHOD_MATCH = YES;
				COPY_PHASE_STRIP = YES;
				DEBUG_INFORMATION_FORMAT = "dwarf-with-dsym";
				GCC_C_LANGUAGE_STANDARD = gnu99;
				GCC_ENABLE_OBJC_EXCEPTIONS = YES;
				GCC_WARN_64_TO_32_BIT_CONVERSION = YES;
				GCC_WARN_ABOUT_RETURN_TYPE = YES;
				GCC_WARN_UNINITIALIZED_AUTOS = YES;
				GCC_WARN_UNUSED_VARIABLE = YES;
				MACOSX_DEPLOYMENT_TARGET = 10.8;
				SDKROOT = macosx;
			};
			name = Release;
		};
		5FB32D3117258D4100F542E6 /* Debug */ = {
			isa = XCBuildConfiguration;
			buildSettings = {
				COMBINE_HIDPI_IMAGES = YES;
				GCC_PRECOMPILE_PREFIX_HEADER = YES;
				GCC_PREFIX_HEADER = "CheckIn/CheckIn-Prefix.pch";
				INFOPLIST_FILE = "CheckIn/CheckIn-Info.plist";
				PRODUCT_NAME = "$(TARGET_NAME)";
				WRAPPER_EXTENSION = app;
			};
			name = Debug;
		};
		5FB32D3217258D4100F542E6 /* Release */ = {
			isa = XCBuildConfiguration;
			buildSettings = {
				COMBINE_HIDPI_IMAGES = YES;
				GCC_PRECOMPILE_PREFIX_HEADER = YES;
				GCC_PREFIX_HEADER = "CheckIn/CheckIn-Prefix.pch";
				INFOPLIST_FILE = "CheckIn/CheckIn-Info.plist";
				PRODUCT_NAME = "$(TARGET_NAME)";
				WRAPPER_EXTENSION = app;
			};
			name = Release;
		};
/* End XCBuildConfiguration section */

/* Begin XCConfigurationList section */
		5FB32D0E17258D4000F542E6 /* Build configuration list for PBXProject "CheckIn" */ = {
			isa = XCConfigurationList;
			buildConfigurations = (
				5FB32D2E17258D4100F542E6 /* Debug */,
				5FB32D2F17258D4100F542E6 /* Release */,
			);
			defaultConfigurationIsVisible = 0;
			defaultConfigurationName = Release;
		};
		5FB32D3017258D4100F542E6 /* Build configuration list for PBXNativeTarget "CheckIn" */ = {
			isa = XCConfigurationList;
			buildConfigurations = (
				5FB32D3117258D4100F542E6 /* Debug */,
				5FB32D3217258D4100F542E6 /* Release */,
			);
			defaultConfigurationIsVisible = 0;
			defaultConfigurationName = Release;
		};
/* End XCConfigurationList section */
	};
	rootObject = 5FB32D0B17258D4000F542E6 /* Project object */;
}
